
Microsoft Visual Studio Solution File, Format Version 12.00
# Visual Studio 2013
VisualStudioVersion = 12.0.40629.0
MinimumVisualStudioVersion = 10.0.40219.1
Project("{FAE04EC0-301F-11D3-BF4B-00C04F79EFBC}") = "PTI.Reliance.Windows", "PTI.Reliance.Windows\PTI.Reliance.Windows.csproj", "{70961E9E-C4A0-423F-BFF5-6E9E775AA295}"
EndProject
Project("{FAE04EC0-301F-11D3-BF4B-00C04F79EFBC}") = "PTI.Reliance.Windows.Test", "PTI.Reliance.Windows.Test\PTI.Reliance.Windows.Test.csproj", "{8EDF4429-251A-416D-BB68-93F227191BCF}"
EndProject
Project("{FAE04EC0-301F-11D3-BF4B-00C04F79EFBC}") = "PrinterTest", "PrinterTest\PrinterTest.csproj", "{105AAC37-BC44-4654-9895-2AAF91165715}"
EndProject
Global
	GlobalSection(SolutionConfigurationPlatforms) = preSolution
		Debug|Any CPU = Debug|Any CPU
		Release|Any CPU = Release|Any CPU
	EndGlobalSection
	GlobalSection(ProjectConfigurationPlatforms) = postSolution
		{70961E9E-C4A0-423F-BFF5-6E9E775AA295}.Debug|Any CPU.ActiveCfg = Debug|Any CPU
		{70961E9E-C4A0-423F-BFF5-6E9E775AA295}.Debug|Any CPU.Build.0 = Debug|Any CPU
		{70961E9E-C4A0-423F-BFF5-6E9E775AA295}.Release|Any CPU.ActiveCfg = Release|Any CPU
		{70961E9E-C4A0-423F-BFF5-6E9E775AA295}.Release|Any CPU.Build.0 = Release|Any CPU
		{8EDF4429-251A-416D-BB68-93F227191BCF}.Debug|Any CPU.ActiveCfg = Debug|Any CPU
		{8EDF4429-251A-416D-BB68-93F227191BCF}.Debug|Any CPU.Build.0 = Debug|Any CPU
		{8EDF4429-251A-416D-BB68-93F227191BCF}.Release|Any CPU.ActiveCfg = Release|Any CPU
		{8EDF4429-251A-416D-BB68-93F227191BCF}.Release|Any CPU.Build.0 = Release|Any CPU
		{105AAC37-BC44-4654-9895-2AAF91165715}.Debug|Any CPU.ActiveCfg = Debug|Any CPU
		{105AAC37-BC44-4654-9895-2AAF91165715}.Debug|Any CPU.Build.0 = Debug|Any CPU
		{105AAC37-BC44-4654-9895-2AAF91165715}.Release|Any CPU.ActiveCfg = Release|Any CPU
		{105AAC37-BC44-4654-9895-2AAF91165715}.Release|Any CPU.Build.0 = Release|Any CPU
	EndGlobalSection
	GlobalSection(SolutionProperties) = preSolution
		HideSolutionNode = FALSE
	EndGlobalSection
EndGlobal
